
Microsoft Visual Studio Solution File, Format Version 12.00
Project("{2150E333-8FDC-42A3-9474-1A3956D46DE8}") = "src", "src", "{9F8746F5-7502-4D9E-92E7-9E771C5D66EC}"
EndProject
Project("{2150E333-8FDC-42A3-9474-1A3956D46DE8}") = "Read Models", "Read Models", "{A88EF3B3-2553-4E55-AF41-450AF0DF896F}"
EndProject
Project("{FAE04EC0-301F-11D3-BF4B-00C04F79EFBC}") = "ESC.Data", "src\Read Models\ESC.Data\ESC.Data.csproj", "{2D2F5D1C-8B14-4406-8A3C-E77E8BED1CA2}"
EndProject
Project("{FAE04EC0-301F-11D3-BF4B-00C04F79EFBC}") = "ESC.Data.Redis", "src\Read Models\ESC.Data.Redis\ESC.Data.Redis.csproj", "{289BB055-0251-4EB9-8537-360AF52ADCA9}"
EndProject
Project("{FAE04EC0-301F-11D3-BF4B-00C04F79EFBC}") = "ESC.Data.Mongo", "src\Read Models\ESC.Data.Mongo\ESC.Data.Mongo.csproj", "{E4272B71-72CE-4659-AE00-2F2354BC9F1B}"
EndProject
Project("{2150E333-8FDC-42A3-9474-1A3956D46DE8}") = "Events", "Events", "{421BE663-2B5C-4189-9183-A710CE3A63C1}"
EndProject
Project("{FAE04EC0-301F-11D3-BF4B-00C04F79EFBC}") = "ESC.Events", "src\Events\ESC.Events\ESC.Events.csproj", "{ED9977A6-F6BF-4CF4-BA77-52F10942A66F}"
EndProject
Project("{2150E333-8FDC-42A3-9474-1A3956D46DE8}") = "Event Handlers", "Event Handlers", "{6E2FA300-5FD7-4BE6-B1D3-85C445D2110F}"
EndProject
Project("{FAE04EC0-301F-11D3-BF4B-00C04F79EFBC}") = "ESC.EventHandlers.CounterMutations", "src\Event Handlers\ESC.EventHandlers.CounterMutations\ESC.EventHandlers.CounterMutations.csproj", "{A7C6CE56-2EB5-4900-B348-964F3E002156}"
EndProject
Project("{FAE04EC0-301F-11D3-BF4B-00C04F79EFBC}") = "ESC.EventHandlers.Identicon", "src\Event Handlers\ESC.EventHandlers.Identicon\ESC.EventHandlers.Identicon.csproj", "{16C427D1-4F15-4E7A-9DFB-483D1EAC171B}"
EndProject
Project("{FAE04EC0-301F-11D3-BF4B-00C04F79EFBC}") = "ESC.EventHandlers", "src\Event Handlers\ESC.EventHandlers\ESC.EventHandlers.csproj", "{162CA582-72D1-4ADF-821B-85B3C9A5EA46}"
EndProject
Project("{2150E333-8FDC-42A3-9474-1A3956D46DE8}") = "Web", "Web", "{C2BF24CA-14D9-47BE-8ABB-25327D5D35B6}"
EndProject
Project("{FAE04EC0-301F-11D3-BF4B-00C04F79EFBC}") = "ESC.Web", "src\Web\ESC.Web\ESC.Web.csproj", "{E86EF325-E7FB-436D-A943-879F1B439718}"
EndProject
Global
	GlobalSection(SolutionConfigurationPlatforms) = preSolution
		Debug|Any CPU = Debug|Any CPU
		Release|Any CPU = Release|Any CPU
	EndGlobalSection
	GlobalSection(ProjectConfigurationPlatforms) = postSolution
		{E86EF325-E7FB-436D-A943-879F1B439718}.Debug|Any CPU.ActiveCfg = Debug|Any CPU
		{E86EF325-E7FB-436D-A943-879F1B439718}.Debug|Any CPU.Build.0 = Debug|Any CPU
		{E86EF325-E7FB-436D-A943-879F1B439718}.Release|Any CPU.ActiveCfg = Release|Any CPU
		{E86EF325-E7FB-436D-A943-879F1B439718}.Release|Any CPU.Build.0 = Release|Any CPU
		{A7C6CE56-2EB5-4900-B348-964F3E002156}.Debug|Any CPU.ActiveCfg = Debug|Any CPU
		{A7C6CE56-2EB5-4900-B348-964F3E002156}.Debug|Any CPU.Build.0 = Debug|Any CPU
		{A7C6CE56-2EB5-4900-B348-964F3E002156}.Release|Any CPU.ActiveCfg = Release|Any CPU
		{A7C6CE56-2EB5-4900-B348-964F3E002156}.Release|Any CPU.Build.0 = Release|Any CPU
		{ED9977A6-F6BF-4CF4-BA77-52F10942A66F}.Debug|Any CPU.ActiveCfg = Debug|Any CPU
		{ED9977A6-F6BF-4CF4-BA77-52F10942A66F}.Debug|Any CPU.Build.0 = Debug|Any CPU
		{ED9977A6-F6BF-4CF4-BA77-52F10942A66F}.Release|Any CPU.ActiveCfg = Release|Any CPU
		{ED9977A6-F6BF-4CF4-BA77-52F10942A66F}.Release|Any CPU.Build.0 = Release|Any CPU
		{2D2F5D1C-8B14-4406-8A3C-E77E8BED1CA2}.Debug|Any CPU.ActiveCfg = Debug|Any CPU
		{2D2F5D1C-8B14-4406-8A3C-E77E8BED1CA2}.Debug|Any CPU.Build.0 = Debug|Any CPU
		{2D2F5D1C-8B14-4406-8A3C-E77E8BED1CA2}.Release|Any CPU.ActiveCfg = Release|Any CPU
		{2D2F5D1C-8B14-4406-8A3C-E77E8BED1CA2}.Release|Any CPU.Build.0 = Release|Any CPU
		{E4272B71-72CE-4659-AE00-2F2354BC9F1B}.Debug|Any CPU.ActiveCfg = Debug|Any CPU
		{E4272B71-72CE-4659-AE00-2F2354BC9F1B}.Debug|Any CPU.Build.0 = Debug|Any CPU
		{E4272B71-72CE-4659-AE00-2F2354BC9F1B}.Release|Any CPU.ActiveCfg = Release|Any CPU
		{E4272B71-72CE-4659-AE00-2F2354BC9F1B}.Release|Any CPU.Build.0 = Release|Any CPU
		{289BB055-0251-4EB9-8537-360AF52ADCA9}.Debug|Any CPU.ActiveCfg = Debug|Any CPU
		{289BB055-0251-4EB9-8537-360AF52ADCA9}.Debug|Any CPU.Build.0 = Debug|Any CPU
		{289BB055-0251-4EB9-8537-360AF52ADCA9}.Release|Any CPU.ActiveCfg = Release|Any CPU
		{289BB055-0251-4EB9-8537-360AF52ADCA9}.Release|Any CPU.Build.0 = Release|Any CPU
		{16C427D1-4F15-4E7A-9DFB-483D1EAC171B}.Debug|Any CPU.ActiveCfg = Debug|Any CPU
		{16C427D1-4F15-4E7A-9DFB-483D1EAC171B}.Debug|Any CPU.Build.0 = Debug|Any CPU
		{16C427D1-4F15-4E7A-9DFB-483D1EAC171B}.Release|Any CPU.ActiveCfg = Release|Any CPU
		{16C427D1-4F15-4E7A-9DFB-483D1EAC171B}.Release|Any CPU.Build.0 = Release|Any CPU
		{162CA582-72D1-4ADF-821B-85B3C9A5EA46}.Debug|Any CPU.ActiveCfg = Debug|Any CPU
		{162CA582-72D1-4ADF-821B-85B3C9A5EA46}.Debug|Any CPU.Build.0 = Debug|Any CPU
		{162CA582-72D1-4ADF-821B-85B3C9A5EA46}.Release|Any CPU.ActiveCfg = Release|Any CPU
		{162CA582-72D1-4ADF-821B-85B3C9A5EA46}.Release|Any CPU.Build.0 = Release|Any CPU
	EndGlobalSection
	GlobalSection(NestedProjects) = preSolution
		{6E2FA300-5FD7-4BE6-B1D3-85C445D2110F} = {9F8746F5-7502-4D9E-92E7-9E771C5D66EC}
		{A7C6CE56-2EB5-4900-B348-964F3E002156} = {6E2FA300-5FD7-4BE6-B1D3-85C445D2110F}
		{A88EF3B3-2553-4E55-AF41-450AF0DF896F} = {9F8746F5-7502-4D9E-92E7-9E771C5D66EC}
		{2D2F5D1C-8B14-4406-8A3C-E77E8BED1CA2} = {A88EF3B3-2553-4E55-AF41-450AF0DF896F}
		{E4272B71-72CE-4659-AE00-2F2354BC9F1B} = {A88EF3B3-2553-4E55-AF41-450AF0DF896F}
		{289BB055-0251-4EB9-8537-360AF52ADCA9} = {A88EF3B3-2553-4E55-AF41-450AF0DF896F}
		{16C427D1-4F15-4E7A-9DFB-483D1EAC171B} = {6E2FA300-5FD7-4BE6-B1D3-85C445D2110F}
		{162CA582-72D1-4ADF-821B-85B3C9A5EA46} = {6E2FA300-5FD7-4BE6-B1D3-85C445D2110F}
		{C2BF24CA-14D9-47BE-8ABB-25327D5D35B6} = {9F8746F5-7502-4D9E-92E7-9E771C5D66EC}
		{E86EF325-E7FB-436D-A943-879F1B439718} = {C2BF24CA-14D9-47BE-8ABB-25327D5D35B6}
		{421BE663-2B5C-4189-9183-A710CE3A63C1} = {9F8746F5-7502-4D9E-92E7-9E771C5D66EC}
		{ED9977A6-F6BF-4CF4-BA77-52F10942A66F} = {421BE663-2B5C-4189-9183-A710CE3A63C1}
	EndGlobalSection
EndGlobal
