
Microsoft Visual Studio Solution File, Format Version 12.00
Project("{2150E333-8FDC-42A3-9474-1A3956D46DE8}") = "src", "src", "{9F8746F5-7502-4D9E-92E7-9E771C5D66EC}"
EndProject
Project("{FAE04EC0-301F-11D3-BF4B-00C04F79EFBC}") = "ESC.Data", "src\ESC.Data\ESC.Data.csproj", "{2D2F5D1C-8B14-4406-8A3C-E77E8BED1CA2}"
EndProject
Project("{FAE04EC0-301F-11D3-BF4B-00C04F79EFBC}") = "ESC.Events", "src\ESC.Events\ESC.Events.csproj", "{ED9977A6-F6BF-4CF4-BA77-52F10942A66F}"
EndProject
Project("{FAE04EC0-301F-11D3-BF4B-00C04F79EFBC}") = "ESC.Events.Handlers", "src\ESC.Events.Handlers\ESC.Events.Handlers.csproj", "{A7C6CE56-2EB5-4900-B348-964F3E002156}"
EndProject
Project("{FAE04EC0-301F-11D3-BF4B-00C04F79EFBC}") = "ESC.Web", "src\ESC.Web\ESC.Web.csproj", "{E86EF325-E7FB-436D-A943-879F1B439718}"
EndProject
Project("{FAE04EC0-301F-11D3-BF4B-00C04F79EFBC}") = "ESC.Data.Mongo", "src\ESC.Data.Mongo\ESC.Data.Mongo.csproj", "{E4272B71-72CE-4659-AE00-2F2354BC9F1B}"
EndProject
Project("{FAE04EC0-301F-11D3-BF4B-00C04F79EFBC}") = "ESC.Data.Redis", "src\ESC.Data.Redis\ESC.Data.Redis.csproj", "{289BB055-0251-4EB9-8537-360AF52ADCA9}"
EndProject
Global
	GlobalSection(SolutionConfigurationPlatforms) = preSolution
		Debug|Any CPU = Debug|Any CPU
		Release|Any CPU = Release|Any CPU
	EndGlobalSection
	GlobalSection(ProjectConfigurationPlatforms) = postSolution
		{E86EF325-E7FB-436D-A943-879F1B439718}.Debug|Any CPU.ActiveCfg = Debug|Any CPU
		{E86EF325-E7FB-436D-A943-879F1B439718}.Debug|Any CPU.Build.0 = Debug|Any CPU
		{E86EF325-E7FB-436D-A943-879F1B439718}.Release|Any CPU.ActiveCfg = Release|Any CPU
		{E86EF325-E7FB-436D-A943-879F1B439718}.Release|Any CPU.Build.0 = Release|Any CPU
		{A7C6CE56-2EB5-4900-B348-964F3E002156}.Debug|Any CPU.ActiveCfg = Debug|Any CPU
		{A7C6CE56-2EB5-4900-B348-964F3E002156}.Debug|Any CPU.Build.0 = Debug|Any CPU
		{A7C6CE56-2EB5-4900-B348-964F3E002156}.Release|Any CPU.ActiveCfg = Release|Any CPU
		{A7C6CE56-2EB5-4900-B348-964F3E002156}.Release|Any CPU.Build.0 = Release|Any CPU
		{ED9977A6-F6BF-4CF4-BA77-52F10942A66F}.Debug|Any CPU.ActiveCfg = Debug|Any CPU
		{ED9977A6-F6BF-4CF4-BA77-52F10942A66F}.Debug|Any CPU.Build.0 = Debug|Any CPU
		{ED9977A6-F6BF-4CF4-BA77-52F10942A66F}.Release|Any CPU.ActiveCfg = Release|Any CPU
		{ED9977A6-F6BF-4CF4-BA77-52F10942A66F}.Release|Any CPU.Build.0 = Release|Any CPU
		{2D2F5D1C-8B14-4406-8A3C-E77E8BED1CA2}.Debug|Any CPU.ActiveCfg = Debug|Any CPU
		{2D2F5D1C-8B14-4406-8A3C-E77E8BED1CA2}.Debug|Any CPU.Build.0 = Debug|Any CPU
		{2D2F5D1C-8B14-4406-8A3C-E77E8BED1CA2}.Release|Any CPU.ActiveCfg = Release|Any CPU
		{2D2F5D1C-8B14-4406-8A3C-E77E8BED1CA2}.Release|Any CPU.Build.0 = Release|Any CPU
		{E4272B71-72CE-4659-AE00-2F2354BC9F1B}.Debug|Any CPU.ActiveCfg = Debug|Any CPU
		{E4272B71-72CE-4659-AE00-2F2354BC9F1B}.Debug|Any CPU.Build.0 = Debug|Any CPU
		{E4272B71-72CE-4659-AE00-2F2354BC9F1B}.Release|Any CPU.ActiveCfg = Release|Any CPU
		{E4272B71-72CE-4659-AE00-2F2354BC9F1B}.Release|Any CPU.Build.0 = Release|Any CPU
		{289BB055-0251-4EB9-8537-360AF52ADCA9}.Debug|Any CPU.ActiveCfg = Debug|Any CPU
		{289BB055-0251-4EB9-8537-360AF52ADCA9}.Debug|Any CPU.Build.0 = Debug|Any CPU
		{289BB055-0251-4EB9-8537-360AF52ADCA9}.Release|Any CPU.ActiveCfg = Release|Any CPU
		{289BB055-0251-4EB9-8537-360AF52ADCA9}.Release|Any CPU.Build.0 = Release|Any CPU
	EndGlobalSection
	GlobalSection(NestedProjects) = preSolution
		{E86EF325-E7FB-436D-A943-879F1B439718} = {9F8746F5-7502-4D9E-92E7-9E771C5D66EC}
		{A7C6CE56-2EB5-4900-B348-964F3E002156} = {9F8746F5-7502-4D9E-92E7-9E771C5D66EC}
		{ED9977A6-F6BF-4CF4-BA77-52F10942A66F} = {9F8746F5-7502-4D9E-92E7-9E771C5D66EC}
		{2D2F5D1C-8B14-4406-8A3C-E77E8BED1CA2} = {9F8746F5-7502-4D9E-92E7-9E771C5D66EC}
		{E4272B71-72CE-4659-AE00-2F2354BC9F1B} = {9F8746F5-7502-4D9E-92E7-9E771C5D66EC}
		{289BB055-0251-4EB9-8537-360AF52ADCA9} = {9F8746F5-7502-4D9E-92E7-9E771C5D66EC}
	EndGlobalSection
EndGlobal
